
Microsoft Visual Studio Solution File, Format Version 12.00
# Visual Studio Version 17
VisualStudioVersion = 17.6.33815.320
MinimumVisualStudioVersion = 10.0.40219.1
Project("{2150E333-8FDC-42A3-9474-1A3956D46DE8}") = "src", "src", "{0368E538-AC9C-4D0C-A6A7-027F6E13C243}"
EndProject
Project("{2150E333-8FDC-42A3-9474-1A3956D46DE8}") = "Elementi di soluzione", "Elementi di soluzione", "{A6DF9224-D943-49F8-A619-80C7EF8B93D6}"
	ProjectSection(SolutionItems) = preProject
		.editorconfig = .editorconfig
		.gitattributes = .gitattributes
		.gitignore = .gitignore
		README.md = README.md
	EndProjectSection
EndProject
Project("{2150E333-8FDC-42A3-9474-1A3956D46DE8}") = "examples", "examples", "{0F5641C7-407B-43A1-B206-1C4C5CFDC1A5}"
EndProject
Project("{FAE04EC0-301F-11D3-BF4B-00C04F79EFBC}") = "Blazor.Minimal.Example.Server", "examples\Blazor.Minimal.Example\Server\Blazor.Minimal.Example.Server.csproj", "{E48FB450-760F-4C64-A634-030EC3BE5C5C}"
EndProject
Project("{FAE04EC0-301F-11D3-BF4B-00C04F79EFBC}") = "Blazor.Minimal.Example.Client", "examples\Blazor.Minimal.Example\Client\Blazor.Minimal.Example.Client.csproj", "{9408929E-AF05-4B0A-9500-B389B6DC5224}"
EndProject
Project("{FAE04EC0-301F-11D3-BF4B-00C04F79EFBC}") = "Blazor.Minimal.Example.Shared", "examples\Blazor.Minimal.Example\Shared\Blazor.Minimal.Example.Shared.csproj", "{36C1981A-AD5D-4D4B-8EA7-1EED0764075C}"
EndProject
Global
	GlobalSection(SolutionConfigurationPlatforms) = preSolution
		Debug|Any CPU = Debug|Any CPU
		Release|Any CPU = Release|Any CPU
	EndGlobalSection
	GlobalSection(ProjectConfigurationPlatforms) = postSolution
		{E48FB450-760F-4C64-A634-030EC3BE5C5C}.Debug|Any CPU.ActiveCfg = Debug|Any CPU
		{E48FB450-760F-4C64-A634-030EC3BE5C5C}.Debug|Any CPU.Build.0 = Debug|Any CPU
		{E48FB450-760F-4C64-A634-030EC3BE5C5C}.Release|Any CPU.ActiveCfg = Release|Any CPU
		{E48FB450-760F-4C64-A634-030EC3BE5C5C}.Release|Any CPU.Build.0 = Release|Any CPU
		{9408929E-AF05-4B0A-9500-B389B6DC5224}.Debug|Any CPU.ActiveCfg = Debug|Any CPU
		{9408929E-AF05-4B0A-9500-B389B6DC5224}.Debug|Any CPU.Build.0 = Debug|Any CPU
		{9408929E-AF05-4B0A-9500-B389B6DC5224}.Release|Any CPU.ActiveCfg = Release|Any CPU
		{9408929E-AF05-4B0A-9500-B389B6DC5224}.Release|Any CPU.Build.0 = Release|Any CPU
		{36C1981A-AD5D-4D4B-8EA7-1EED0764075C}.Debug|Any CPU.ActiveCfg = Debug|Any CPU
		{36C1981A-AD5D-4D4B-8EA7-1EED0764075C}.Debug|Any CPU.Build.0 = Debug|Any CPU
		{36C1981A-AD5D-4D4B-8EA7-1EED0764075C}.Release|Any CPU.ActiveCfg = Release|Any CPU
		{36C1981A-AD5D-4D4B-8EA7-1EED0764075C}.Release|Any CPU.Build.0 = Release|Any CPU
	EndGlobalSection
	GlobalSection(SolutionProperties) = preSolution
		HideSolutionNode = FALSE
	EndGlobalSection
	GlobalSection(NestedProjects) = preSolution
		{E48FB450-760F-4C64-A634-030EC3BE5C5C} = {0F5641C7-407B-43A1-B206-1C4C5CFDC1A5}
		{9408929E-AF05-4B0A-9500-B389B6DC5224} = {0F5641C7-407B-43A1-B206-1C4C5CFDC1A5}
		{36C1981A-AD5D-4D4B-8EA7-1EED0764075C} = {0F5641C7-407B-43A1-B206-1C4C5CFDC1A5}
	EndGlobalSection
	GlobalSection(ExtensibilityGlobals) = postSolution
		SolutionGuid = {F7D3AD10-9BC9-43BB-82E9-2A94689A085D}
	EndGlobalSection
EndGlobal
